
Microsoft Visual Studio Solution File, Format Version 12.00
# Visual Studio Version 16
VisualStudioVersion = 16.0.31205.134
MinimumVisualStudioVersion = 10.0.40219.1
Project("{FAE04EC0-301F-11D3-BF4B-00C04F79EFBC}") = "Capstone1 - Pig Latin", "Capstone1 - Pig Latin\Capstone1 - Pig Latin.csproj", "{3AB87695-F179-439F-A817-8A3D4008EB89}"
EndProject
Global
	GlobalSection(SolutionConfigurationPlatforms) = preSolution
		Debug|Any CPU = Debug|Any CPU
		Release|Any CPU = Release|Any CPU
	EndGlobalSection
	GlobalSection(ProjectConfigurationPlatforms) = postSolution
		{3AB87695-F179-439F-A817-8A3D4008EB89}.Debug|Any CPU.ActiveCfg = Debug|Any CPU
		{3AB87695-F179-439F-A817-8A3D4008EB89}.Debug|Any CPU.Build.0 = Debug|Any CPU
		{3AB87695-F179-439F-A817-8A3D4008EB89}.Release|Any CPU.ActiveCfg = Release|Any CPU
		{3AB87695-F179-439F-A817-8A3D4008EB89}.Release|Any CPU.Build.0 = Release|Any CPU
	EndGlobalSection
	GlobalSection(SolutionProperties) = preSolution
		HideSolutionNode = FALSE
	EndGlobalSection
	GlobalSection(ExtensibilityGlobals) = postSolution
		SolutionGuid = {08BE5301-D068-44B7-8F7A-2DB055DCCE0A}
	EndGlobalSection
EndGlobal
